
Microsoft Visual Studio Solution File, Format Version 12.00
# Visual Studio Version 17
VisualStudioVersion = 17.4.33403.182
MinimumVisualStudioVersion = 10.0.40219.1
Project("{9A19103F-16F7-4668-BE54-9A1E7A4F7556}") = "Dsa-prac", "Dsa-LinkedList\Dsa-prac.csproj", "{322820DE-06BA-48E6-A571-45278BC3D2EA}"
EndProject
Global
	GlobalSection(SolutionConfigurationPlatforms) = preSolution
		Debug|Any CPU = Debug|Any CPU
		Release|Any CPU = Release|Any CPU
	EndGlobalSection
	GlobalSection(ProjectConfigurationPlatforms) = postSolution
		{322820DE-06BA-48E6-A571-45278BC3D2EA}.Debug|Any CPU.ActiveCfg = Debug|Any CPU
		{322820DE-06BA-48E6-A571-45278BC3D2EA}.Debug|Any CPU.Build.0 = Debug|Any CPU
		{322820DE-06BA-48E6-A571-45278BC3D2EA}.Release|Any CPU.ActiveCfg = Release|Any CPU
		{322820DE-06BA-48E6-A571-45278BC3D2EA}.Release|Any CPU.Build.0 = Release|Any CPU
	EndGlobalSection
	GlobalSection(SolutionProperties) = preSolution
		HideSolutionNode = FALSE
	EndGlobalSection
	GlobalSection(ExtensibilityGlobals) = postSolution
		SolutionGuid = {960B0E2A-95D0-4558-B26B-00383D977C14}
	EndGlobalSection
EndGlobal
